
Microsoft Visual Studio Solution File, Format Version 12.00
# Visual Studio Version 16
VisualStudioVersion = 16.0.31729.503
MinimumVisualStudioVersion = 10.0.40219.1
Project("{FAE04EC0-301F-11D3-BF4B-00C04F79EFBC}") = "Assignment5", "Assignment5\Assignment5.csproj", "{45F01601-4A30-4AF5-A9ED-B0B8D27F913B}"
EndProject
Global
	GlobalSection(SolutionConfigurationPlatforms) = preSolution
		Debug|Any CPU = Debug|Any CPU
		Release|Any CPU = Release|Any CPU
	EndGlobalSection
	GlobalSection(ProjectConfigurationPlatforms) = postSolution
		{45F01601-4A30-4AF5-A9ED-B0B8D27F913B}.Debug|Any CPU.ActiveCfg = Debug|Any CPU
		{45F01601-4A30-4AF5-A9ED-B0B8D27F913B}.Debug|Any CPU.Build.0 = Debug|Any CPU
		{45F01601-4A30-4AF5-A9ED-B0B8D27F913B}.Release|Any CPU.ActiveCfg = Release|Any CPU
		{45F01601-4A30-4AF5-A9ED-B0B8D27F913B}.Release|Any CPU.Build.0 = Release|Any CPU
	EndGlobalSection
	GlobalSection(SolutionProperties) = preSolution
		HideSolutionNode = FALSE
	EndGlobalSection
	GlobalSection(ExtensibilityGlobals) = postSolution
		SolutionGuid = {A5A9B33C-0909-45D5-AF8D-8F82F0E0EC71}
	EndGlobalSection
EndGlobal
